// !$*UTF8*$!
{
	archiveVersion = 1;
	classes = {
	};
	objectVersion = 46;
	objects = {

/* Begin PBXBuildFile section */
		721655F013F68C90001E7119 /* UIKit.framework in Frameworks */ = {isa = PBXBuildFile; fileRef = 721655EF13F68C90001E7119 /* UIKit.framework */; };
		721655F213F68C90001E7119 /* Foundation.framework in Frameworks */ = {isa = PBXBuildFile; fileRef = 721655F113F68C90001E7119 /* Foundation.framework */; };
		721655F813F68C90001E7119 /* InfoPlist.strings in Resources */ = {isa = PBXBuildFile; fileRef = 721655F613F68C90001E7119 /* InfoPlist.strings */; };
		721655FA13F68C90001E7119 /* main.m in Sources */ = {isa = PBXBuildFile; fileRef = 721655F913F68C90001E7119 /* main.m */; };
		721655FE13F68C90001E7119 /* AVRAppDelegate.m in Sources */ = {isa = PBXBuildFile; fileRef = 721655FD13F68C90001E7119 /* AVRAppDelegate.m */; };
		7216560113F68C90001E7119 /* AVRViewController.m in Sources */ = {isa = PBXBuildFile; fileRef = 7216560013F68C90001E7119 /* AVRViewController.m */; };
		7216560413F68C90001E7119 /* AVRViewController.xib in Resources */ = {isa = PBXBuildFile; fileRef = 7216560213F68C90001E7119 /* AVRViewController.xib */; };
/* End PBXBuildFile section */

/* Begin PBXFileReference section */
		721655EB13F68C90001E7119 /* AVRUITableView-Demo.app */ = {isa = PBXFileReference; explicitFileType = wrapper.application; includeInIndex = 0; path = "AVRUITableView-Demo.app"; sourceTree = BUILT_PRODUCTS_DIR; };
		721655EF13F68C90001E7119 /* UIKit.framework */ = {isa = PBXFileReference; lastKnownFileType = wrapper.framework; name = UIKit.framework; path = System/Library/Frameworks/UIKit.framework; sourceTree = SDKROOT; };
		721655F113F68C90001E7119 /* Foundation.framework */ = {isa = PBXFileReference; lastKnownFileType = wrapper.framework; name = Foundation.framework; path = System/Library/Frameworks/Foundation.framework; sourceTree = SDKROOT; };
		721655F513F68C90001E7119 /* AVRUITableView-Demo-Info.plist */ = {isa = PBXFileReference; path = "AVRUITableView-Demo-Info.plist"; sourceTree = "<group>"; };
		721655F713F68C90001E7119 /* en */ = {isa = PBXFileReference; lastKnownFileType = text.plist.strings; name = en; path = en.lproj/InfoPlist.strings; sourceTree = "<group>"; };
		721655F913F68C90001E7119 /* main.m */ = {isa = PBXFileReference; lastKnownFileType = sourcecode.c.objc; path = main.m; sourceTree = "<group>"; };
		721655FB13F68C90001E7119 /* AVRUITableView-Demo-Prefix.pch */ = {isa = PBXFileReference; path = "AVRUITableView-Demo-Prefix.pch"; sourceTree = "<group>"; };
		721655FC13F68C90001E7119 /* AVRAppDelegate.h */ = {isa = PBXFileReference; path = AVRAppDelegate.h; sourceTree = "<group>"; };
		721655FD13F68C90001E7119 /* AVRAppDelegate.m */ = {isa = PBXFileReference; lastKnownFileType = sourcecode.c.objc; path = AVRAppDelegate.m; sourceTree = "<group>"; };
		721655FF13F68C90001E7119 /* AVRViewController.h */ = {isa = PBXFileReference; path = AVRViewController.h; sourceTree = "<group>"; };
		7216560013F68C90001E7119 /* AVRViewController.m */ = {isa = PBXFileReference; lastKnownFileType = sourcecode.c.objc; path = AVRViewController.m; sourceTree = "<group>"; };
		7216560313F68C90001E7119 /* en */ = {isa = PBXFileReference; lastKnownFileType = file.xib; name = en; path = en.lproj/AVRViewController.xib; sourceTree = "<group>"; };
/* End PBXFileReference section */

/* Begin PBXFrameworksBuildPhase section */
		721655E813F68C90001E7119 /* Frameworks */ = {
			isa = PBXFrameworksBuildPhase;
			buildActionMask = 2147483647;
			files = (
				721655F013F68C90001E7119 /* UIKit.framework in Frameworks */,
				721655F213F68C90001E7119 /* Foundation.framework in Frameworks */,
			);
			runOnlyForDeploymentPostprocessing = 0;
		};
/* End PBXFrameworksBuildPhase section */

/* Begin PBXGroup section */
		721655E013F68C90001E7119 = {
			isa = PBXGroup;
			children = (
				721655F313F68C90001E7119 /* AVRUITableView-Demo */,
				721655EE13F68C90001E7119 /* Frameworks */,
				721655EC13F68C90001E7119 /* Products */,
			);
			sourceTree = "<group>";
		};
		721655EC13F68C90001E7119 /* Products */ = {
			isa = PBXGroup;
			children = (
				721655EB13F68C90001E7119 /* AVRUITableView-Demo.app */,
			);
			name = Products;
			sourceTree = "<group>";
		};
		721655EE13F68C90001E7119 /* Frameworks */ = {
			isa = PBXGroup;
			children = (
				721655EF13F68C90001E7119 /* UIKit.framework */,
				721655F113F68C90001E7119 /* Foundation.framework */,
			);
			name = Frameworks;
			sourceTree = "<group>";
		};
		721655F313F68C90001E7119 /* AVRUITableView-Demo */ = {
			isa = PBXGroup;
			children = (
				721655FC13F68C90001E7119 /* AVRAppDelegate.h */,
				721655FD13F68C90001E7119 /* AVRAppDelegate.m */,
				721655FF13F68C90001E7119 /* AVRViewController.h */,
				7216560013F68C90001E7119 /* AVRViewController.m */,
				7216560213F68C90001E7119 /* AVRViewController.xib */,
				721655F413F68C90001E7119 /* Supporting Files */,
			);
			path = "AVRUITableView-Demo";
			sourceTree = "<group>";
		};
		721655F413F68C90001E7119 /* Supporting Files */ = {
			isa = PBXGroup;
			children = (
				721655F513F68C90001E7119 /* AVRUITableView-Demo-Info.plist */,
				721655F613F68C90001E7119 /* InfoPlist.strings */,
				721655F913F68C90001E7119 /* main.m */,
				721655FB13F68C90001E7119 /* AVRUITableView-Demo-Prefix.pch */,
			);
			name = "Supporting Files";
			sourceTree = "<group>";
		};
/* End PBXGroup section */

/* Begin PBXNativeTarget section */
		721655EA13F68C90001E7119 /* AVRUITableView-Demo */ = {
			isa = PBXNativeTarget;
			buildConfigurationList = 7216560713F68C90001E7119 /* Build configuration list for PBXNativeTarget "AVRUITableView-Demo" */;
			buildPhases = (
				721655E713F68C90001E7119 /* Sources */,
				721655E813F68C90001E7119 /* Frameworks */,
				721655E913F68C90001E7119 /* Resources */,
			);
			buildRules = (
			);
			dependencies = (
			);
			name = "AVRUITableView-Demo";
			productName = "AVRUITableView-Demo";
			productReference = 721655EB13F68C90001E7119 /* AVRUITableView-Demo.app */;
			productType = "com.apple.product-type.application";
		};
/* End PBXNativeTarget section */

/* Begin PBXProject section */
		721655E213F68C90001E7119 /* Project object */ = {
			isa = PBXProject;
			attributes = {
				LastUpgradeCheck = 0420;
			};
			buildConfigurationList = 721655E513F68C90001E7119 /* Build configuration list for PBXProject "AVRUITableView-Demo" */;
			compatibilityVersion = "Xcode 3.2";
			developmentRegion = English;
			hasScannedForEncodings = 0;
			knownRegions = (
				en,
			);
			mainGroup = 721655E013F68C90001E7119;
			productRefGroup = 721655EC13F68C90001E7119 /* Products */;
			projectDirPath = "";
			projectRoot = "";
			targets = (
				721655EA13F68C90001E7119 /* AVRUITableView-Demo */,
			);
		};
/* End PBXProject section */

/* Begin PBXResourcesBuildPhase section */
		721655E913F68C90001E7119 /* Resources */ = {
			isa = PBXResourcesBuildPhase;
			buildActionMask = 2147483647;
			files = (
				721655F813F68C90001E7119 /* InfoPlist.strings in Resources */,
				7216560413F68C90001E7119 /* AVRViewController.xib in Resources */,
			);
			runOnlyForDeploymentPostprocessing = 0;
		};
/* End PBXResourcesBuildPhase section */

/* Begin PBXSourcesBuildPhase section */
		721655E713F68C90001E7119 /* Sources */ = {
			isa = PBXSourcesBuildPhase;
			buildActionMask = 2147483647;
			files = (
				721655FA13F68C90001E7119 /* main.m in Sources */,
				721655FE13F68C90001E7119 /* AVRAppDelegate.m in Sources */,
				7216560113F68C90001E7119 /* AVRViewController.m in Sources */,
			);
			runOnlyForDeploymentPostprocessing = 0;
		};
/* End PBXSourcesBuildPhase section */

/* Begin PBXVariantGroup section */
		721655F613F68C90001E7119 /* InfoPlist.strings */ = {
			isa = PBXVariantGroup;
			children = (
				721655F713F68C90001E7119 /* en */,
			);
			name = InfoPlist.strings;
			sourceTree = "<group>";
		};
		7216560213F68C90001E7119 /* AVRViewController.xib */ = {
			isa = PBXVariantGroup;
			children = (
				7216560313F68C90001E7119 /* en */,
			);
			name = AVRViewController.xib;
			sourceTree = "<group>";
		};
/* End PBXVariantGroup section */

/* Begin XCBuildConfiguration section */
		7216560513F68C90001E7119 /* Debug */ = {
			isa = XCBuildConfiguration;
			buildSettings = {
				ALWAYS_SEARCH_USER_PATHS = NO;
				ARCHS = "$(ARCHS_STANDARD_32_BIT)";
				CLANG_ENABLE_OBJC_ARC = YES;
				"CODE_SIGN_IDENTITY[sdk=iphoneos*]" = "iPhone Developer";
				COPY_PHASE_STRIP = NO;
				GCC_C_LANGUAGE_STANDARD = gnu99;
				GCC_DYNAMIC_NO_PIC = NO;
				GCC_OPTIMIZATION_LEVEL = 0;
				GCC_PREPROCESSOR_DEFINITIONS = (
					"DEBUG=1",
					"$(inherited)",
				);
				GCC_SYMBOLS_PRIVATE_EXTERN = NO;
				GCC_VERSION = com.apple.compilers.llvm.clang.1_0;
				GCC_WARN_ABOUT_MISSING_PROTOTYPES = YES;
				GCC_WARN_ABOUT_RETURN_TYPE = YES;
				GCC_WARN_UNUSED_VARIABLE = YES;
				IPHONEOS_DEPLOYMENT_TARGET = 5.0;
				SDKROOT = iphoneos;
			};
			name = Debug;
		};
		7216560613F68C90001E7119 /* Release */ = {
			isa = XCBuildConfiguration;
			buildSettings = {
				ALWAYS_SEARCH_USER_PATHS = NO;
				ARCHS = "$(ARCHS_STANDARD_32_BIT)";
				CLANG_ENABLE_OBJC_ARC = YES;
				"CODE_SIGN_IDENTITY[sdk=iphoneos*]" = "iPhone Developer";
				COPY_PHASE_STRIP = YES;
				GCC_C_LANGUAGE_STANDARD = gnu99;
				GCC_VERSION = com.apple.compilers.llvm.clang.1_0;
				GCC_WARN_ABOUT_MISSING_PROTOTYPES = YES;
				GCC_WARN_ABOUT_RETURN_TYPE = YES;
				GCC_WARN_UNUSED_VARIABLE = YES;
				IPHONEOS_DEPLOYMENT_TARGET = 5.0;
				OTHER_CFLAGS = "-DNS_BLOCK_ASSERTIONS=1";
				SDKROOT = iphoneos;
				VALIDATE_PRODUCT = YES;
			};
			name = Release;
		};
		7216560813F68C90001E7119 /* Debug */ = {
			isa = XCBuildConfiguration;
			buildSettings = {
				GCC_PRECOMPILE_PREFIX_HEADER = YES;
				GCC_PREFIX_HEADER = "AVRUITableView-Demo/AVRUITableView-Demo-Prefix.pch";
				INFOPLIST_FILE = "AVRUITableView-Demo/AVRUITableView-Demo-Info.plist";
				PRODUCT_NAME = "$(TARGET_NAME)";
				WRAPPER_EXTENSION = app;
			};
			name = Debug;
		};
		7216560913F68C90001E7119 /* Release */ = {
			isa = XCBuildConfiguration;
			buildSettings = {
				GCC_PRECOMPILE_PREFIX_HEADER = YES;
				GCC_PREFIX_HEADER = "AVRUITableView-Demo/AVRUITableView-Demo-Prefix.pch";
				INFOPLIST_FILE = "AVRUITableView-Demo/AVRUITableView-Demo-Info.plist";
				PRODUCT_NAME = "$(TARGET_NAME)";
				WRAPPER_EXTENSION = app;
			};
			name = Release;
		};
/* End XCBuildConfiguration section */

/* Begin XCConfigurationList section */
		721655E513F68C90001E7119 /* Build configuration list for PBXProject "AVRUITableView-Demo" */ = {
			isa = XCConfigurationList;
			buildConfigurations = (
				7216560513F68C90001E7119 /* Debug */,
				7216560613F68C90001E7119 /* Release */,
			);
			defaultConfigurationIsVisible = 0;
			defaultConfigurationName = Release;
		};
		7216560713F68C90001E7119 /* Build configuration list for PBXNativeTarget "AVRUITableView-Demo" */ = {
			isa = XCConfigurationList;
			buildConfigurations = (
				7216560813F68C90001E7119 /* Debug */,
				7216560913F68C90001E7119 /* Release */,
			);
			defaultConfigurationIsVisible = 0;
		};
/* End XCConfigurationList section */
	};
	rootObject = 721655E213F68C90001E7119 /* Project object */;
}
